
Microsoft Visual Studio Solution File, Format Version 12.00
# Visual Studio 2012
Project("{FAE04EC0-301F-11D3-BF4B-00C04F79EFBC}") = "Inkassogram.Examples", "Inkassogram.Examples\Inkassogram.Examples.csproj", "{DF67EB5F-89C9-47E4-A580-727CA7FECE3A}"
EndProject
Global
	GlobalSection(SolutionConfigurationPlatforms) = preSolution
		Debug|Any CPU = Debug|Any CPU
		Release|Any CPU = Release|Any CPU
	EndGlobalSection
	GlobalSection(ProjectConfigurationPlatforms) = postSolution
		{DF67EB5F-89C9-47E4-A580-727CA7FECE3A}.Debug|Any CPU.ActiveCfg = Debug|Any CPU
		{DF67EB5F-89C9-47E4-A580-727CA7FECE3A}.Debug|Any CPU.Build.0 = Debug|Any CPU
		{DF67EB5F-89C9-47E4-A580-727CA7FECE3A}.Release|Any CPU.ActiveCfg = Release|Any CPU
		{DF67EB5F-89C9-47E4-A580-727CA7FECE3A}.Release|Any CPU.Build.0 = Release|Any CPU
	EndGlobalSection
	GlobalSection(SolutionProperties) = preSolution
		HideSolutionNode = FALSE
	EndGlobalSection
EndGlobal
